
Microsoft Visual Studio Solution File, Format Version 12.00
# Visual Studio Version 17
VisualStudioVersion = 17.7.34202.233
MinimumVisualStudioVersion = 10.0.40219.1
Project("{FAE04EC0-301F-11D3-BF4B-00C04F79EFBC}") = "ConsoleAppSwitch", "ConsoleAppSwitch.csproj", "{CEC95954-B113-4E53-88D5-FADBD055D34A}"
EndProject
Global
	GlobalSection(SolutionConfigurationPlatforms) = preSolution
		Debug|Any CPU = Debug|Any CPU
		Release|Any CPU = Release|Any CPU
	EndGlobalSection
	GlobalSection(ProjectConfigurationPlatforms) = postSolution
		{CEC95954-B113-4E53-88D5-FADBD055D34A}.Debug|Any CPU.ActiveCfg = Debug|Any CPU
		{CEC95954-B113-4E53-88D5-FADBD055D34A}.Debug|Any CPU.Build.0 = Debug|Any CPU
		{CEC95954-B113-4E53-88D5-FADBD055D34A}.Release|Any CPU.ActiveCfg = Release|Any CPU
		{CEC95954-B113-4E53-88D5-FADBD055D34A}.Release|Any CPU.Build.0 = Release|Any CPU
	EndGlobalSection
	GlobalSection(SolutionProperties) = preSolution
		HideSolutionNode = FALSE
	EndGlobalSection
	GlobalSection(ExtensibilityGlobals) = postSolution
		SolutionGuid = {F3E2F609-ACFC-4C60-9E74-897E115DFFF6}
	EndGlobalSection
EndGlobal
